
Microsoft Visual Studio Solution File, Format Version 12.00
# Visual Studio Version 16
VisualStudioVersion = 16.0.32630.194
MinimumVisualStudioVersion = 10.0.40219.1
Project("{9A19103F-16F7-4668-BE54-9A1E7A4F7556}") = "api_feira_livre_unico", "api_feira_livre_unico\api_feira_livre_unico.csproj", "{1D73B335-3B08-43CC-AFB1-A9AAA8B78747}"
EndProject
Project("{2150E333-8FDC-42A3-9474-1A3956D46DE8}") = "0 - Presentation", "0 - Presentation", "{F04D2226-C5FA-40FA-BA28-195F813F0070}"
EndProject
Project("{2150E333-8FDC-42A3-9474-1A3956D46DE8}") = "3 - Data", "3 - Data", "{D2A78729-49DA-4C28-86B4-5F278BD291FE}"
EndProject
Project("{9A19103F-16F7-4668-BE54-9A1E7A4F7556}") = "api-Data", "api-Data\api-Data.csproj", "{068D8838-A411-4A6C-93D2-8FBFEE8978D2}"
EndProject
Project("{2150E333-8FDC-42A3-9474-1A3956D46DE8}") = "ImportarArquivo", "ImportarArquivo", "{5C67BDEA-973A-4AF1-B142-7DA6DFC1C2FA}"
EndProject
Project("{9A19103F-16F7-4668-BE54-9A1E7A4F7556}") = "ServicoImport", "ServicoImport\ServicoImport.csproj", "{4CD7B023-A4D9-4471-9D42-4E0780B95A26}"
EndProject
Project("{2150E333-8FDC-42A3-9474-1A3956D46DE8}") = "1 - Business", "1 - Business", "{36E49632-6F61-44B9-A17E-B51A4F936378}"
EndProject
Project("{2150E333-8FDC-42A3-9474-1A3956D46DE8}") = "2 - Entities", "2 - Entities", "{34FE9587-7DCC-4397-84A3-56F5B9E6D795}"
EndProject
Project("{FAE04EC0-301F-11D3-BF4B-00C04F79EFBC}") = "Api-Business", "Api-Business\Api-Business.csproj", "{34254A0A-B84A-4BCE-8FDB-B04759A93420}"
EndProject
Project("{FAE04EC0-301F-11D3-BF4B-00C04F79EFBC}") = "Api-Entities", "Api-Entities\Api-Entities.csproj", "{BED889E1-CD82-4030-849C-54496571AD05}"
EndProject
Project("{2150E333-8FDC-42A3-9474-1A3956D46DE8}") = "API", "API", "{A14137BB-1C40-4C34-8788-C0488216E5F6}"
EndProject
Global
	GlobalSection(SolutionConfigurationPlatforms) = preSolution
		Debug|Any CPU = Debug|Any CPU
		Release|Any CPU = Release|Any CPU
	EndGlobalSection
	GlobalSection(ProjectConfigurationPlatforms) = postSolution
		{1D73B335-3B08-43CC-AFB1-A9AAA8B78747}.Debug|Any CPU.ActiveCfg = Debug|Any CPU
		{1D73B335-3B08-43CC-AFB1-A9AAA8B78747}.Debug|Any CPU.Build.0 = Debug|Any CPU
		{1D73B335-3B08-43CC-AFB1-A9AAA8B78747}.Release|Any CPU.ActiveCfg = Release|Any CPU
		{1D73B335-3B08-43CC-AFB1-A9AAA8B78747}.Release|Any CPU.Build.0 = Release|Any CPU
		{068D8838-A411-4A6C-93D2-8FBFEE8978D2}.Debug|Any CPU.ActiveCfg = Debug|Any CPU
		{068D8838-A411-4A6C-93D2-8FBFEE8978D2}.Debug|Any CPU.Build.0 = Debug|Any CPU
		{068D8838-A411-4A6C-93D2-8FBFEE8978D2}.Release|Any CPU.ActiveCfg = Release|Any CPU
		{068D8838-A411-4A6C-93D2-8FBFEE8978D2}.Release|Any CPU.Build.0 = Release|Any CPU
		{4CD7B023-A4D9-4471-9D42-4E0780B95A26}.Debug|Any CPU.ActiveCfg = Debug|Any CPU
		{4CD7B023-A4D9-4471-9D42-4E0780B95A26}.Debug|Any CPU.Build.0 = Debug|Any CPU
		{4CD7B023-A4D9-4471-9D42-4E0780B95A26}.Release|Any CPU.ActiveCfg = Release|Any CPU
		{4CD7B023-A4D9-4471-9D42-4E0780B95A26}.Release|Any CPU.Build.0 = Release|Any CPU
		{34254A0A-B84A-4BCE-8FDB-B04759A93420}.Debug|Any CPU.ActiveCfg = Debug|Any CPU
		{34254A0A-B84A-4BCE-8FDB-B04759A93420}.Debug|Any CPU.Build.0 = Debug|Any CPU
		{34254A0A-B84A-4BCE-8FDB-B04759A93420}.Release|Any CPU.ActiveCfg = Release|Any CPU
		{34254A0A-B84A-4BCE-8FDB-B04759A93420}.Release|Any CPU.Build.0 = Release|Any CPU
		{BED889E1-CD82-4030-849C-54496571AD05}.Debug|Any CPU.ActiveCfg = Debug|Any CPU
		{BED889E1-CD82-4030-849C-54496571AD05}.Debug|Any CPU.Build.0 = Debug|Any CPU
		{BED889E1-CD82-4030-849C-54496571AD05}.Release|Any CPU.ActiveCfg = Release|Any CPU
		{BED889E1-CD82-4030-849C-54496571AD05}.Release|Any CPU.Build.0 = Release|Any CPU
	EndGlobalSection
	GlobalSection(SolutionProperties) = preSolution
		HideSolutionNode = FALSE
	EndGlobalSection
	GlobalSection(NestedProjects) = preSolution
		{1D73B335-3B08-43CC-AFB1-A9AAA8B78747} = {F04D2226-C5FA-40FA-BA28-195F813F0070}
		{F04D2226-C5FA-40FA-BA28-195F813F0070} = {A14137BB-1C40-4C34-8788-C0488216E5F6}
		{D2A78729-49DA-4C28-86B4-5F278BD291FE} = {A14137BB-1C40-4C34-8788-C0488216E5F6}
		{068D8838-A411-4A6C-93D2-8FBFEE8978D2} = {D2A78729-49DA-4C28-86B4-5F278BD291FE}
		{4CD7B023-A4D9-4471-9D42-4E0780B95A26} = {5C67BDEA-973A-4AF1-B142-7DA6DFC1C2FA}
		{36E49632-6F61-44B9-A17E-B51A4F936378} = {A14137BB-1C40-4C34-8788-C0488216E5F6}
		{34FE9587-7DCC-4397-84A3-56F5B9E6D795} = {A14137BB-1C40-4C34-8788-C0488216E5F6}
		{34254A0A-B84A-4BCE-8FDB-B04759A93420} = {36E49632-6F61-44B9-A17E-B51A4F936378}
		{BED889E1-CD82-4030-849C-54496571AD05} = {34FE9587-7DCC-4397-84A3-56F5B9E6D795}
	EndGlobalSection
	GlobalSection(ExtensibilityGlobals) = postSolution
		SolutionGuid = {0BF9DE96-721D-4F21-B7CB-01F51C639DFC}
	EndGlobalSection
EndGlobal
